
Microsoft Visual Studio Solution File, Format Version 12.00
# Visual Studio Version 16
VisualStudioVersion = 16.0.31911.196
MinimumVisualStudioVersion = 10.0.40219.1
Project("{FAE04EC0-301F-11D3-BF4B-00C04F79EFBC}") = "GESTORE-SPESE", "GESTORE-SPESE.csproj", "{4AA6D9DC-FCF2-4452-A8DE-EAF96DDCFD99}"
EndProject
Global
	GlobalSection(SolutionConfigurationPlatforms) = preSolution
		Debug|Any CPU = Debug|Any CPU
		Release|Any CPU = Release|Any CPU
	EndGlobalSection
	GlobalSection(ProjectConfigurationPlatforms) = postSolution
		{4AA6D9DC-FCF2-4452-A8DE-EAF96DDCFD99}.Debug|Any CPU.ActiveCfg = Debug|Any CPU
		{4AA6D9DC-FCF2-4452-A8DE-EAF96DDCFD99}.Debug|Any CPU.Build.0 = Debug|Any CPU
		{4AA6D9DC-FCF2-4452-A8DE-EAF96DDCFD99}.Release|Any CPU.ActiveCfg = Release|Any CPU
		{4AA6D9DC-FCF2-4452-A8DE-EAF96DDCFD99}.Release|Any CPU.Build.0 = Release|Any CPU
	EndGlobalSection
	GlobalSection(SolutionProperties) = preSolution
		HideSolutionNode = FALSE
	EndGlobalSection
	GlobalSection(ExtensibilityGlobals) = postSolution
		SolutionGuid = {715A5B75-9D52-4007-848F-BB45EF3DE206}
	EndGlobalSection
EndGlobal
